{
  "name": "red-contrib-rpi-ws281x-native",
  "version": "1.0.0",
  "lockfileVersion": 1,
  "requires": true,
  "dependencies": {
    "nan": {
      "version": "2.12.1",
      "resolved": "https://registry.npmjs.org/nan/-/nan-2.12.1.tgz",
      "integrity": "sha512-JY7V6lRkStKcKTvHO5NVSQRv+RV+FIL5pvDoLiAtSL9pKlC5x9PKQcZDsq7m4FO4d57mkhC6Z+QhAh3Jdk5JFw=="
    },
    "rpi-ws281x-native": {
      "version": "0.9.0",
      "resolved": "https://registry.npmjs.org/rpi-ws281x-native/-/rpi-ws281x-native-0.9.0.tgz",
      "integrity": "sha512-Wj5X2iZyI5LMzxQeUoRpQJLIMWmthFDiOrcgRsIjZaebyzLsM0QtZ309YSF0enDYNdSQj+y0pmn9+uDHyvO/8A==",
      "requires": {
        "nan": "^2.0.9"
      }
    }
  }
}
